
Microsoft Visual Studio Solution File, Format Version 12.00
# Visual Studio Version 17
VisualStudioVersion = 17.5.002.0
MinimumVisualStudioVersion = 10.0.40219.1
Project("{2150E333-8FDC-42A3-9474-1A3956D46DE8}") = "__Solution Items__", "__Solution Items__", "{106D2039-0B94-478E-ADE0-6BFE6E440C46}"
	ProjectSection(SolutionItems) = preProject
		gamestore.http = gamestore.http
		..\README.md = ..\README.md
	EndProjectSection
EndProject
Project("{2150E333-8FDC-42A3-9474-1A3956D46DE8}") = "Backend", "Backend", "{D333BEC7-E69B-4DC7-A338-454240B627A4}"
EndProject
Project("{2150E333-8FDC-42A3-9474-1A3956D46DE8}") = "Frontend", "Frontend", "{2082319A-518A-471D-ACDD-42338362063C}"
EndProject
Project("{FAE04EC0-301F-11D3-BF4B-00C04F79EFBC}") = "GameStore.Api", "GameStore.Api\GameStore.Api.csproj", "{DD1C87E5-E9BF-4416-A62F-C1032636D1B6}"
EndProject
Project("{FAE04EC0-301F-11D3-BF4B-00C04F79EFBC}") = "GameStore.Frontend", "Frontend\GameStore.Frontend.csproj", "{C5B82561-34DD-4F21-8660-601F11DFF881}"
EndProject
Global
	GlobalSection(SolutionConfigurationPlatforms) = preSolution
		Debug|Any CPU = Debug|Any CPU
		Release|Any CPU = Release|Any CPU
	EndGlobalSection
	GlobalSection(ProjectConfigurationPlatforms) = postSolution
		{DD1C87E5-E9BF-4416-A62F-C1032636D1B6}.Debug|Any CPU.ActiveCfg = Debug|Any CPU
		{DD1C87E5-E9BF-4416-A62F-C1032636D1B6}.Debug|Any CPU.Build.0 = Debug|Any CPU
		{DD1C87E5-E9BF-4416-A62F-C1032636D1B6}.Release|Any CPU.ActiveCfg = Release|Any CPU
		{DD1C87E5-E9BF-4416-A62F-C1032636D1B6}.Release|Any CPU.Build.0 = Release|Any CPU
		{C5B82561-34DD-4F21-8660-601F11DFF881}.Debug|Any CPU.ActiveCfg = Debug|Any CPU
		{C5B82561-34DD-4F21-8660-601F11DFF881}.Debug|Any CPU.Build.0 = Debug|Any CPU
		{C5B82561-34DD-4F21-8660-601F11DFF881}.Release|Any CPU.ActiveCfg = Release|Any CPU
		{C5B82561-34DD-4F21-8660-601F11DFF881}.Release|Any CPU.Build.0 = Release|Any CPU
	EndGlobalSection
	GlobalSection(SolutionProperties) = preSolution
		HideSolutionNode = FALSE
	EndGlobalSection
	GlobalSection(NestedProjects) = preSolution
		{DD1C87E5-E9BF-4416-A62F-C1032636D1B6} = {D333BEC7-E69B-4DC7-A338-454240B627A4}
		{C5B82561-34DD-4F21-8660-601F11DFF881} = {2082319A-518A-471D-ACDD-42338362063C}
	EndGlobalSection
	GlobalSection(ExtensibilityGlobals) = postSolution
		SolutionGuid = {7E09B12A-DDA5-460E-84D3-905FF6E678F3}
	EndGlobalSection
EndGlobal
